
Microsoft Visual Studio Solution File, Format Version 12.00
# Visual Studio Version 16
VisualStudioVersion = 16.0.28721.148
MinimumVisualStudioVersion = 10.0.40219.1
Project("{9A19103F-16F7-4668-BE54-9A1E7A4F7556}") = "StarWarsPitStopCalculator.Services", "StarWarsPitStopCalculator.Services\StarWarsPitStopCalculator.Services.csproj", "{33A12130-13D8-4669-84F6-FA1756D9E202}"
EndProject
Project("{9A19103F-16F7-4668-BE54-9A1E7A4F7556}") = "StartWarsPitStopCalculator.ConsoleApp", "StartWarsPitStopCalculator\StartWarsPitStopCalculator.ConsoleApp.csproj", "{0F7AE5E4-78E8-40C1-95C5-690F0C1FA400}"
EndProject
Project("{FAE04EC0-301F-11D3-BF4B-00C04F79EFBC}") = "StarWarsPitStopCalculator.Tests", "StarWarsPitStopCalculator.Tests\StarWarsPitStopCalculator.Tests.csproj", "{3D5C3975-D704-4BBF-B6B8-BCB792793EAB}"
EndProject
Global
	GlobalSection(SolutionConfigurationPlatforms) = preSolution
		Debug|Any CPU = Debug|Any CPU
		Release|Any CPU = Release|Any CPU
	EndGlobalSection
	GlobalSection(ProjectConfigurationPlatforms) = postSolution
		{33A12130-13D8-4669-84F6-FA1756D9E202}.Debug|Any CPU.ActiveCfg = Debug|Any CPU
		{33A12130-13D8-4669-84F6-FA1756D9E202}.Debug|Any CPU.Build.0 = Debug|Any CPU
		{33A12130-13D8-4669-84F6-FA1756D9E202}.Release|Any CPU.ActiveCfg = Release|Any CPU
		{33A12130-13D8-4669-84F6-FA1756D9E202}.Release|Any CPU.Build.0 = Release|Any CPU
		{0F7AE5E4-78E8-40C1-95C5-690F0C1FA400}.Debug|Any CPU.ActiveCfg = Debug|Any CPU
		{0F7AE5E4-78E8-40C1-95C5-690F0C1FA400}.Debug|Any CPU.Build.0 = Debug|Any CPU
		{0F7AE5E4-78E8-40C1-95C5-690F0C1FA400}.Release|Any CPU.ActiveCfg = Release|Any CPU
		{0F7AE5E4-78E8-40C1-95C5-690F0C1FA400}.Release|Any CPU.Build.0 = Release|Any CPU
		{3D5C3975-D704-4BBF-B6B8-BCB792793EAB}.Debug|Any CPU.ActiveCfg = Debug|Any CPU
		{3D5C3975-D704-4BBF-B6B8-BCB792793EAB}.Debug|Any CPU.Build.0 = Debug|Any CPU
		{3D5C3975-D704-4BBF-B6B8-BCB792793EAB}.Release|Any CPU.ActiveCfg = Release|Any CPU
		{3D5C3975-D704-4BBF-B6B8-BCB792793EAB}.Release|Any CPU.Build.0 = Release|Any CPU
	EndGlobalSection
	GlobalSection(SolutionProperties) = preSolution
		HideSolutionNode = FALSE
	EndGlobalSection
	GlobalSection(ExtensibilityGlobals) = postSolution
		SolutionGuid = {E2DDB8C5-C150-4292-BC4F-0BCF63B2CDF4}
	EndGlobalSection
EndGlobal
